
Microsoft Visual Studio Solution File, Format Version 12.00
# Visual Studio Version 17
VisualStudioVersion = 17.1.32414.318
MinimumVisualStudioVersion = 10.0.40219.1
Project("{FAE04EC0-301F-11D3-BF4B-00C04F79EFBC}") = "HRM.WebMVCApp", "HRM.WebMVCApp\HRM.WebMVCApp.csproj", "{1B2A2600-4F0B-46A4-B0D9-DE07CAED1950}"
EndProject
Project("{FAE04EC0-301F-11D3-BF4B-00C04F79EFBC}") = "HRM.Infrastructure", "HRM.Infrastructure\HRM.Infrastructure.csproj", "{6FE21BAF-907C-438C-829F-5E0607E3EB1D}"
EndProject
Project("{FAE04EC0-301F-11D3-BF4B-00C04F79EFBC}") = "HRM.ApplicationCore", "HRM.ApplicationCore\HRM.ApplicationCore.csproj", "{4F917990-9403-487C-A708-815404AD0FC3}"
EndProject
Global
	GlobalSection(SolutionConfigurationPlatforms) = preSolution
		Debug|Any CPU = Debug|Any CPU
		Release|Any CPU = Release|Any CPU
	EndGlobalSection
	GlobalSection(ProjectConfigurationPlatforms) = postSolution
		{1B2A2600-4F0B-46A4-B0D9-DE07CAED1950}.Debug|Any CPU.ActiveCfg = Debug|Any CPU
		{1B2A2600-4F0B-46A4-B0D9-DE07CAED1950}.Debug|Any CPU.Build.0 = Debug|Any CPU
		{1B2A2600-4F0B-46A4-B0D9-DE07CAED1950}.Release|Any CPU.ActiveCfg = Release|Any CPU
		{1B2A2600-4F0B-46A4-B0D9-DE07CAED1950}.Release|Any CPU.Build.0 = Release|Any CPU
		{6FE21BAF-907C-438C-829F-5E0607E3EB1D}.Debug|Any CPU.ActiveCfg = Debug|Any CPU
		{6FE21BAF-907C-438C-829F-5E0607E3EB1D}.Debug|Any CPU.Build.0 = Debug|Any CPU
		{6FE21BAF-907C-438C-829F-5E0607E3EB1D}.Release|Any CPU.ActiveCfg = Release|Any CPU
		{6FE21BAF-907C-438C-829F-5E0607E3EB1D}.Release|Any CPU.Build.0 = Release|Any CPU
		{4F917990-9403-487C-A708-815404AD0FC3}.Debug|Any CPU.ActiveCfg = Debug|Any CPU
		{4F917990-9403-487C-A708-815404AD0FC3}.Debug|Any CPU.Build.0 = Debug|Any CPU
		{4F917990-9403-487C-A708-815404AD0FC3}.Release|Any CPU.ActiveCfg = Release|Any CPU
		{4F917990-9403-487C-A708-815404AD0FC3}.Release|Any CPU.Build.0 = Release|Any CPU
	EndGlobalSection
	GlobalSection(SolutionProperties) = preSolution
		HideSolutionNode = FALSE
	EndGlobalSection
	GlobalSection(ExtensibilityGlobals) = postSolution
		SolutionGuid = {4D0AAB9D-ED54-4B52-9197-14D1F9F13B03}
	EndGlobalSection
EndGlobal
